
Microsoft Visual Studio Solution File, Format Version 12.00
# Visual Studio 15
VisualStudioVersion = 15.0.28010.2050
MinimumVisualStudioVersion = 10.0.40219.1
Project("{FAE04EC0-301F-11D3-BF4B-00C04F79EFBC}") = "QIndependentStudios.MusicalLights.Designer", "QIndependentStudios.MusicalLights.Designer\QIndependentStudios.MusicalLights.Designer.csproj", "{D8E11CCF-4DA9-44A8-8672-199836F3C289}"
EndProject
Project("{FAE04EC0-301F-11D3-BF4B-00C04F79EFBC}") = "QIndependentStudios.MusicalLights.Player", "QIndependentStudios.MusicalLights.Player\QIndependentStudios.MusicalLights.Player.csproj", "{C3D3DAC4-A4D6-4EEA-8DCE-E8CEDA726C6F}"
EndProject
Project("{FAE04EC0-301F-11D3-BF4B-00C04F79EFBC}") = "QIndependentStudios.MusicalLights.Uwp", "QIndependentStudios.MusicalLights.Uwp\QIndependentStudios.MusicalLights.Uwp.csproj", "{9A6C55A4-4D8B-4B3F-8627-3187092219A8}"
EndProject
Global
	GlobalSection(SolutionConfigurationPlatforms) = preSolution
		Debug|Any CPU = Debug|Any CPU
		Debug|ARM = Debug|ARM
		Debug|x64 = Debug|x64
		Debug|x86 = Debug|x86
		Release|Any CPU = Release|Any CPU
		Release|ARM = Release|ARM
		Release|x64 = Release|x64
		Release|x86 = Release|x86
	EndGlobalSection
	GlobalSection(ProjectConfigurationPlatforms) = postSolution
		{D8E11CCF-4DA9-44A8-8672-199836F3C289}.Debug|Any CPU.ActiveCfg = Debug|x86
		{D8E11CCF-4DA9-44A8-8672-199836F3C289}.Debug|ARM.ActiveCfg = Debug|ARM
		{D8E11CCF-4DA9-44A8-8672-199836F3C289}.Debug|ARM.Build.0 = Debug|ARM
		{D8E11CCF-4DA9-44A8-8672-199836F3C289}.Debug|ARM.Deploy.0 = Debug|ARM
		{D8E11CCF-4DA9-44A8-8672-199836F3C289}.Debug|x64.ActiveCfg = Debug|x64
		{D8E11CCF-4DA9-44A8-8672-199836F3C289}.Debug|x64.Build.0 = Debug|x64
		{D8E11CCF-4DA9-44A8-8672-199836F3C289}.Debug|x64.Deploy.0 = Debug|x64
		{D8E11CCF-4DA9-44A8-8672-199836F3C289}.Debug|x86.ActiveCfg = Debug|x86
		{D8E11CCF-4DA9-44A8-8672-199836F3C289}.Debug|x86.Build.0 = Debug|x86
		{D8E11CCF-4DA9-44A8-8672-199836F3C289}.Debug|x86.Deploy.0 = Debug|x86
		{D8E11CCF-4DA9-44A8-8672-199836F3C289}.Release|Any CPU.ActiveCfg = Release|x86
		{D8E11CCF-4DA9-44A8-8672-199836F3C289}.Release|ARM.ActiveCfg = Release|ARM
		{D8E11CCF-4DA9-44A8-8672-199836F3C289}.Release|ARM.Build.0 = Release|ARM
		{D8E11CCF-4DA9-44A8-8672-199836F3C289}.Release|ARM.Deploy.0 = Release|ARM
		{D8E11CCF-4DA9-44A8-8672-199836F3C289}.Release|x64.ActiveCfg = Release|x64
		{D8E11CCF-4DA9-44A8-8672-199836F3C289}.Release|x64.Build.0 = Release|x64
		{D8E11CCF-4DA9-44A8-8672-199836F3C289}.Release|x64.Deploy.0 = Release|x64
		{D8E11CCF-4DA9-44A8-8672-199836F3C289}.Release|x86.ActiveCfg = Release|x86
		{D8E11CCF-4DA9-44A8-8672-199836F3C289}.Release|x86.Build.0 = Release|x86
		{D8E11CCF-4DA9-44A8-8672-199836F3C289}.Release|x86.Deploy.0 = Release|x86
		{C3D3DAC4-A4D6-4EEA-8DCE-E8CEDA726C6F}.Debug|Any CPU.ActiveCfg = Debug|x86
		{C3D3DAC4-A4D6-4EEA-8DCE-E8CEDA726C6F}.Debug|ARM.ActiveCfg = Debug|ARM
		{C3D3DAC4-A4D6-4EEA-8DCE-E8CEDA726C6F}.Debug|ARM.Build.0 = Debug|ARM
		{C3D3DAC4-A4D6-4EEA-8DCE-E8CEDA726C6F}.Debug|ARM.Deploy.0 = Debug|ARM
		{C3D3DAC4-A4D6-4EEA-8DCE-E8CEDA726C6F}.Debug|x64.ActiveCfg = Debug|x64
		{C3D3DAC4-A4D6-4EEA-8DCE-E8CEDA726C6F}.Debug|x64.Build.0 = Debug|x64
		{C3D3DAC4-A4D6-4EEA-8DCE-E8CEDA726C6F}.Debug|x64.Deploy.0 = Debug|x64
		{C3D3DAC4-A4D6-4EEA-8DCE-E8CEDA726C6F}.Debug|x86.ActiveCfg = Debug|x86
		{C3D3DAC4-A4D6-4EEA-8DCE-E8CEDA726C6F}.Debug|x86.Build.0 = Debug|x86
		{C3D3DAC4-A4D6-4EEA-8DCE-E8CEDA726C6F}.Debug|x86.Deploy.0 = Debug|x86
		{C3D3DAC4-A4D6-4EEA-8DCE-E8CEDA726C6F}.Release|Any CPU.ActiveCfg = Release|x86
		{C3D3DAC4-A4D6-4EEA-8DCE-E8CEDA726C6F}.Release|ARM.ActiveCfg = Release|ARM
		{C3D3DAC4-A4D6-4EEA-8DCE-E8CEDA726C6F}.Release|ARM.Build.0 = Release|ARM
		{C3D3DAC4-A4D6-4EEA-8DCE-E8CEDA726C6F}.Release|ARM.Deploy.0 = Release|ARM
		{C3D3DAC4-A4D6-4EEA-8DCE-E8CEDA726C6F}.Release|x64.ActiveCfg = Release|x64
		{C3D3DAC4-A4D6-4EEA-8DCE-E8CEDA726C6F}.Release|x64.Build.0 = Release|x64
		{C3D3DAC4-A4D6-4EEA-8DCE-E8CEDA726C6F}.Release|x64.Deploy.0 = Release|x64
		{C3D3DAC4-A4D6-4EEA-8DCE-E8CEDA726C6F}.Release|x86.ActiveCfg = Release|x86
		{C3D3DAC4-A4D6-4EEA-8DCE-E8CEDA726C6F}.Release|x86.Build.0 = Release|x86
		{C3D3DAC4-A4D6-4EEA-8DCE-E8CEDA726C6F}.Release|x86.Deploy.0 = Release|x86
		{9A6C55A4-4D8B-4B3F-8627-3187092219A8}.Debug|Any CPU.ActiveCfg = Debug|Any CPU
		{9A6C55A4-4D8B-4B3F-8627-3187092219A8}.Debug|Any CPU.Build.0 = Debug|Any CPU
		{9A6C55A4-4D8B-4B3F-8627-3187092219A8}.Debug|ARM.ActiveCfg = Debug|ARM
		{9A6C55A4-4D8B-4B3F-8627-3187092219A8}.Debug|ARM.Build.0 = Debug|ARM
		{9A6C55A4-4D8B-4B3F-8627-3187092219A8}.Debug|x64.ActiveCfg = Debug|x64
		{9A6C55A4-4D8B-4B3F-8627-3187092219A8}.Debug|x64.Build.0 = Debug|x64
		{9A6C55A4-4D8B-4B3F-8627-3187092219A8}.Debug|x86.ActiveCfg = Debug|x86
		{9A6C55A4-4D8B-4B3F-8627-3187092219A8}.Debug|x86.Build.0 = Debug|x86
		{9A6C55A4-4D8B-4B3F-8627-3187092219A8}.Release|Any CPU.ActiveCfg = Release|Any CPU
		{9A6C55A4-4D8B-4B3F-8627-3187092219A8}.Release|Any CPU.Build.0 = Release|Any CPU
		{9A6C55A4-4D8B-4B3F-8627-3187092219A8}.Release|ARM.ActiveCfg = Release|ARM
		{9A6C55A4-4D8B-4B3F-8627-3187092219A8}.Release|ARM.Build.0 = Release|ARM
		{9A6C55A4-4D8B-4B3F-8627-3187092219A8}.Release|x64.ActiveCfg = Release|x64
		{9A6C55A4-4D8B-4B3F-8627-3187092219A8}.Release|x64.Build.0 = Release|x64
		{9A6C55A4-4D8B-4B3F-8627-3187092219A8}.Release|x86.ActiveCfg = Release|x86
		{9A6C55A4-4D8B-4B3F-8627-3187092219A8}.Release|x86.Build.0 = Release|x86
	EndGlobalSection
	GlobalSection(SolutionProperties) = preSolution
		HideSolutionNode = FALSE
	EndGlobalSection
	GlobalSection(ExtensibilityGlobals) = postSolution
		SolutionGuid = {636B1936-42DA-4291-A5E4-C05651DE8CB6}
	EndGlobalSection
EndGlobal
