
Microsoft Visual Studio Solution File, Format Version 12.00
# Visual Studio 15
VisualStudioVersion = 15.0.28010.2050
MinimumVisualStudioVersion = 10.0.40219.1
Project("{9A19103F-16F7-4668-BE54-9A1E7A4F7556}") = "QIndependentStudios.MusicalLights.Core", "QIndependentStudios.MusicalLights.Core\QIndependentStudios.MusicalLights.Core.csproj", "{2536F3BA-20E6-4580-AA99-185E0470857E}"
EndProject
Project("{9A19103F-16F7-4668-BE54-9A1E7A4F7556}") = "QIndependentStudios.MusicalLights.Core.Tests", "QIndependentStudios.MusicalLights.Core.Tests\QIndependentStudios.MusicalLights.Core.Tests.csproj", "{B67C7466-16C3-4423-8C24-EF25D6679394}"
EndProject
Project("{FAE04EC0-301F-11D3-BF4B-00C04F79EFBC}") = "QIndependentStudios.MusicalLights.Uwp.App", "QIndependentStudios.MusicalLights.Uwp.App\QIndependentStudios.MusicalLights.Uwp.App.csproj", "{A6A6F230-2151-4FDA-BB35-7032419E0E76}"
EndProject
Project("{FAE04EC0-301F-11D3-BF4B-00C04F79EFBC}") = "QIndependentStudios.MusicalLights.DataConverter", "QIndependentStudios.MusicalLights.DataConverter\QIndependentStudios.MusicalLights.DataConverter.csproj", "{7BAAEE8C-44E0-49F5-AF3C-6A5F10B96966}"
EndProject
Global
	GlobalSection(SolutionConfigurationPlatforms) = preSolution
		Debug|Any CPU = Debug|Any CPU
		Debug|ARM = Debug|ARM
		Debug|x64 = Debug|x64
		Debug|x86 = Debug|x86
		Release|Any CPU = Release|Any CPU
		Release|ARM = Release|ARM
		Release|x64 = Release|x64
		Release|x86 = Release|x86
	EndGlobalSection
	GlobalSection(ProjectConfigurationPlatforms) = postSolution
		{2536F3BA-20E6-4580-AA99-185E0470857E}.Debug|Any CPU.ActiveCfg = Debug|Any CPU
		{2536F3BA-20E6-4580-AA99-185E0470857E}.Debug|Any CPU.Build.0 = Debug|Any CPU
		{2536F3BA-20E6-4580-AA99-185E0470857E}.Debug|ARM.ActiveCfg = Debug|Any CPU
		{2536F3BA-20E6-4580-AA99-185E0470857E}.Debug|ARM.Build.0 = Debug|Any CPU
		{2536F3BA-20E6-4580-AA99-185E0470857E}.Debug|x64.ActiveCfg = Debug|Any CPU
		{2536F3BA-20E6-4580-AA99-185E0470857E}.Debug|x64.Build.0 = Debug|Any CPU
		{2536F3BA-20E6-4580-AA99-185E0470857E}.Debug|x86.ActiveCfg = Debug|Any CPU
		{2536F3BA-20E6-4580-AA99-185E0470857E}.Debug|x86.Build.0 = Debug|Any CPU
		{2536F3BA-20E6-4580-AA99-185E0470857E}.Release|Any CPU.ActiveCfg = Release|Any CPU
		{2536F3BA-20E6-4580-AA99-185E0470857E}.Release|Any CPU.Build.0 = Release|Any CPU
		{2536F3BA-20E6-4580-AA99-185E0470857E}.Release|ARM.ActiveCfg = Release|Any CPU
		{2536F3BA-20E6-4580-AA99-185E0470857E}.Release|ARM.Build.0 = Release|Any CPU
		{2536F3BA-20E6-4580-AA99-185E0470857E}.Release|x64.ActiveCfg = Release|Any CPU
		{2536F3BA-20E6-4580-AA99-185E0470857E}.Release|x64.Build.0 = Release|Any CPU
		{2536F3BA-20E6-4580-AA99-185E0470857E}.Release|x86.ActiveCfg = Release|Any CPU
		{2536F3BA-20E6-4580-AA99-185E0470857E}.Release|x86.Build.0 = Release|Any CPU
		{B67C7466-16C3-4423-8C24-EF25D6679394}.Debug|Any CPU.ActiveCfg = Debug|Any CPU
		{B67C7466-16C3-4423-8C24-EF25D6679394}.Debug|Any CPU.Build.0 = Debug|Any CPU
		{B67C7466-16C3-4423-8C24-EF25D6679394}.Debug|ARM.ActiveCfg = Debug|Any CPU
		{B67C7466-16C3-4423-8C24-EF25D6679394}.Debug|ARM.Build.0 = Debug|Any CPU
		{B67C7466-16C3-4423-8C24-EF25D6679394}.Debug|x64.ActiveCfg = Debug|Any CPU
		{B67C7466-16C3-4423-8C24-EF25D6679394}.Debug|x64.Build.0 = Debug|Any CPU
		{B67C7466-16C3-4423-8C24-EF25D6679394}.Debug|x86.ActiveCfg = Debug|Any CPU
		{B67C7466-16C3-4423-8C24-EF25D6679394}.Debug|x86.Build.0 = Debug|Any CPU
		{B67C7466-16C3-4423-8C24-EF25D6679394}.Release|Any CPU.ActiveCfg = Release|Any CPU
		{B67C7466-16C3-4423-8C24-EF25D6679394}.Release|Any CPU.Build.0 = Release|Any CPU
		{B67C7466-16C3-4423-8C24-EF25D6679394}.Release|ARM.ActiveCfg = Release|Any CPU
		{B67C7466-16C3-4423-8C24-EF25D6679394}.Release|ARM.Build.0 = Release|Any CPU
		{B67C7466-16C3-4423-8C24-EF25D6679394}.Release|x64.ActiveCfg = Release|Any CPU
		{B67C7466-16C3-4423-8C24-EF25D6679394}.Release|x64.Build.0 = Release|Any CPU
		{B67C7466-16C3-4423-8C24-EF25D6679394}.Release|x86.ActiveCfg = Release|Any CPU
		{B67C7466-16C3-4423-8C24-EF25D6679394}.Release|x86.Build.0 = Release|Any CPU
		{A6A6F230-2151-4FDA-BB35-7032419E0E76}.Debug|Any CPU.ActiveCfg = Debug|x86
		{A6A6F230-2151-4FDA-BB35-7032419E0E76}.Debug|ARM.ActiveCfg = Debug|ARM
		{A6A6F230-2151-4FDA-BB35-7032419E0E76}.Debug|ARM.Build.0 = Debug|ARM
		{A6A6F230-2151-4FDA-BB35-7032419E0E76}.Debug|ARM.Deploy.0 = Debug|ARM
		{A6A6F230-2151-4FDA-BB35-7032419E0E76}.Debug|x64.ActiveCfg = Debug|x64
		{A6A6F230-2151-4FDA-BB35-7032419E0E76}.Debug|x64.Build.0 = Debug|x64
		{A6A6F230-2151-4FDA-BB35-7032419E0E76}.Debug|x64.Deploy.0 = Debug|x64
		{A6A6F230-2151-4FDA-BB35-7032419E0E76}.Debug|x86.ActiveCfg = Debug|x86
		{A6A6F230-2151-4FDA-BB35-7032419E0E76}.Debug|x86.Build.0 = Debug|x86
		{A6A6F230-2151-4FDA-BB35-7032419E0E76}.Debug|x86.Deploy.0 = Debug|x86
		{A6A6F230-2151-4FDA-BB35-7032419E0E76}.Release|Any CPU.ActiveCfg = Release|x86
		{A6A6F230-2151-4FDA-BB35-7032419E0E76}.Release|ARM.ActiveCfg = Release|ARM
		{A6A6F230-2151-4FDA-BB35-7032419E0E76}.Release|ARM.Build.0 = Release|ARM
		{A6A6F230-2151-4FDA-BB35-7032419E0E76}.Release|ARM.Deploy.0 = Release|ARM
		{A6A6F230-2151-4FDA-BB35-7032419E0E76}.Release|x64.ActiveCfg = Release|x64
		{A6A6F230-2151-4FDA-BB35-7032419E0E76}.Release|x64.Build.0 = Release|x64
		{A6A6F230-2151-4FDA-BB35-7032419E0E76}.Release|x64.Deploy.0 = Release|x64
		{A6A6F230-2151-4FDA-BB35-7032419E0E76}.Release|x86.ActiveCfg = Release|x86
		{A6A6F230-2151-4FDA-BB35-7032419E0E76}.Release|x86.Build.0 = Release|x86
		{A6A6F230-2151-4FDA-BB35-7032419E0E76}.Release|x86.Deploy.0 = Release|x86
		{7BAAEE8C-44E0-49F5-AF3C-6A5F10B96966}.Debug|Any CPU.ActiveCfg = Debug|Any CPU
		{7BAAEE8C-44E0-49F5-AF3C-6A5F10B96966}.Debug|Any CPU.Build.0 = Debug|Any CPU
		{7BAAEE8C-44E0-49F5-AF3C-6A5F10B96966}.Debug|ARM.ActiveCfg = Debug|Any CPU
		{7BAAEE8C-44E0-49F5-AF3C-6A5F10B96966}.Debug|ARM.Build.0 = Debug|Any CPU
		{7BAAEE8C-44E0-49F5-AF3C-6A5F10B96966}.Debug|x64.ActiveCfg = Debug|Any CPU
		{7BAAEE8C-44E0-49F5-AF3C-6A5F10B96966}.Debug|x64.Build.0 = Debug|Any CPU
		{7BAAEE8C-44E0-49F5-AF3C-6A5F10B96966}.Debug|x86.ActiveCfg = Debug|Any CPU
		{7BAAEE8C-44E0-49F5-AF3C-6A5F10B96966}.Debug|x86.Build.0 = Debug|Any CPU
		{7BAAEE8C-44E0-49F5-AF3C-6A5F10B96966}.Release|Any CPU.ActiveCfg = Release|Any CPU
		{7BAAEE8C-44E0-49F5-AF3C-6A5F10B96966}.Release|Any CPU.Build.0 = Release|Any CPU
		{7BAAEE8C-44E0-49F5-AF3C-6A5F10B96966}.Release|ARM.ActiveCfg = Release|Any CPU
		{7BAAEE8C-44E0-49F5-AF3C-6A5F10B96966}.Release|ARM.Build.0 = Release|Any CPU
		{7BAAEE8C-44E0-49F5-AF3C-6A5F10B96966}.Release|x64.ActiveCfg = Release|Any CPU
		{7BAAEE8C-44E0-49F5-AF3C-6A5F10B96966}.Release|x64.Build.0 = Release|Any CPU
		{7BAAEE8C-44E0-49F5-AF3C-6A5F10B96966}.Release|x86.ActiveCfg = Release|Any CPU
		{7BAAEE8C-44E0-49F5-AF3C-6A5F10B96966}.Release|x86.Build.0 = Release|Any CPU
	EndGlobalSection
	GlobalSection(SolutionProperties) = preSolution
		HideSolutionNode = FALSE
	EndGlobalSection
	GlobalSection(ExtensibilityGlobals) = postSolution
		SolutionGuid = {636B1936-42DA-4291-A5E4-C05651DE8CB6}
	EndGlobalSection
EndGlobal
